
Microsoft Visual Studio Solution File, Format Version 12.00
# Visual Studio Version 17
VisualStudioVersion = 17.2.32616.157
MinimumVisualStudioVersion = 10.0.40219.1
Project("{9A19103F-16F7-4668-BE54-9A1E7A4F7556}") = "RT.Coffe.Api", "RT.Coffe.Api.csproj", "{54D61070-BB38-4832-BDF5-B654DF0554F5}"
EndProject
Project("{9A19103F-16F7-4668-BE54-9A1E7A4F7556}") = "RT.Coffe.Api.Test", "..\RT Coffee Machine Tests\RT.Coffe.Api.Test.csproj", "{5F9EFF5B-928C-4380-95A6-D4EEB772DE9D}"
EndProject
Global
	GlobalSection(SolutionConfigurationPlatforms) = preSolution
		Debug|Any CPU = Debug|Any CPU
		Release|Any CPU = Release|Any CPU
	EndGlobalSection
	GlobalSection(ProjectConfigurationPlatforms) = postSolution
		{54D61070-BB38-4832-BDF5-B654DF0554F5}.Debug|Any CPU.ActiveCfg = Debug|Any CPU
		{54D61070-BB38-4832-BDF5-B654DF0554F5}.Debug|Any CPU.Build.0 = Debug|Any CPU
		{54D61070-BB38-4832-BDF5-B654DF0554F5}.Release|Any CPU.ActiveCfg = Release|Any CPU
		{54D61070-BB38-4832-BDF5-B654DF0554F5}.Release|Any CPU.Build.0 = Release|Any CPU
		{5F9EFF5B-928C-4380-95A6-D4EEB772DE9D}.Debug|Any CPU.ActiveCfg = Debug|Any CPU
		{5F9EFF5B-928C-4380-95A6-D4EEB772DE9D}.Debug|Any CPU.Build.0 = Debug|Any CPU
		{5F9EFF5B-928C-4380-95A6-D4EEB772DE9D}.Release|Any CPU.ActiveCfg = Release|Any CPU
		{5F9EFF5B-928C-4380-95A6-D4EEB772DE9D}.Release|Any CPU.Build.0 = Release|Any CPU
	EndGlobalSection
	GlobalSection(SolutionProperties) = preSolution
		HideSolutionNode = FALSE
	EndGlobalSection
	GlobalSection(ExtensibilityGlobals) = postSolution
		SolutionGuid = {77D3A873-FF2D-4B1C-A286-CE57833CCDC7}
	EndGlobalSection
EndGlobal
